
Microsoft Visual Studio Solution File, Format Version 12.00
# Visual Studio Version 17
VisualStudioVersion = 17.4.33205.214
MinimumVisualStudioVersion = 10.0.40219.1
Project("{9A19103F-16F7-4668-BE54-9A1E7A4F7556}") = "Web_UI", "Web_UI\Web_UI.csproj", "{BB5C09F6-5F06-4C70-8693-B720E2CBEE8A}"
EndProject
Project("{9A19103F-16F7-4668-BE54-9A1E7A4F7556}") = "Database", "Database\Database.csproj", "{1ED0476A-D47E-4E51-B9C9-E4DAB5047D0A}"
EndProject
Project("{9A19103F-16F7-4668-BE54-9A1E7A4F7556}") = "Services", "Services\Services.csproj", "{1C593609-526D-48A7-8B5F-9E9D75DFEDAD}"
EndProject
Project("{9A19103F-16F7-4668-BE54-9A1E7A4F7556}") = "KarimHash", "KarimHash\KarimHash.csproj", "{92C7E211-39D2-45FE-A046-85738A6CDEE3}"
EndProject
Project("{FAE04EC0-301F-11D3-BF4B-00C04F79EFBC}") = "DTOs", "DTOs\DTOs.csproj", "{1C24EFCD-C685-4546-BAB1-FB5776FBAFD5}"
EndProject
Global
	GlobalSection(SolutionConfigurationPlatforms) = preSolution
		Debug|Any CPU = Debug|Any CPU
		Release|Any CPU = Release|Any CPU
	EndGlobalSection
	GlobalSection(ProjectConfigurationPlatforms) = postSolution
		{BB5C09F6-5F06-4C70-8693-B720E2CBEE8A}.Debug|Any CPU.ActiveCfg = Debug|Any CPU
		{BB5C09F6-5F06-4C70-8693-B720E2CBEE8A}.Debug|Any CPU.Build.0 = Debug|Any CPU
		{BB5C09F6-5F06-4C70-8693-B720E2CBEE8A}.Release|Any CPU.ActiveCfg = Release|Any CPU
		{BB5C09F6-5F06-4C70-8693-B720E2CBEE8A}.Release|Any CPU.Build.0 = Release|Any CPU
		{1ED0476A-D47E-4E51-B9C9-E4DAB5047D0A}.Debug|Any CPU.ActiveCfg = Debug|Any CPU
		{1ED0476A-D47E-4E51-B9C9-E4DAB5047D0A}.Debug|Any CPU.Build.0 = Debug|Any CPU
		{1ED0476A-D47E-4E51-B9C9-E4DAB5047D0A}.Release|Any CPU.ActiveCfg = Release|Any CPU
		{1ED0476A-D47E-4E51-B9C9-E4DAB5047D0A}.Release|Any CPU.Build.0 = Release|Any CPU
		{1C593609-526D-48A7-8B5F-9E9D75DFEDAD}.Debug|Any CPU.ActiveCfg = Debug|Any CPU
		{1C593609-526D-48A7-8B5F-9E9D75DFEDAD}.Debug|Any CPU.Build.0 = Debug|Any CPU
		{1C593609-526D-48A7-8B5F-9E9D75DFEDAD}.Release|Any CPU.ActiveCfg = Release|Any CPU
		{1C593609-526D-48A7-8B5F-9E9D75DFEDAD}.Release|Any CPU.Build.0 = Release|Any CPU
		{92C7E211-39D2-45FE-A046-85738A6CDEE3}.Debug|Any CPU.ActiveCfg = Debug|Any CPU
		{92C7E211-39D2-45FE-A046-85738A6CDEE3}.Debug|Any CPU.Build.0 = Debug|Any CPU
		{92C7E211-39D2-45FE-A046-85738A6CDEE3}.Release|Any CPU.ActiveCfg = Release|Any CPU
		{92C7E211-39D2-45FE-A046-85738A6CDEE3}.Release|Any CPU.Build.0 = Release|Any CPU
		{1C24EFCD-C685-4546-BAB1-FB5776FBAFD5}.Debug|Any CPU.ActiveCfg = Debug|Any CPU
		{1C24EFCD-C685-4546-BAB1-FB5776FBAFD5}.Debug|Any CPU.Build.0 = Debug|Any CPU
		{1C24EFCD-C685-4546-BAB1-FB5776FBAFD5}.Release|Any CPU.ActiveCfg = Release|Any CPU
		{1C24EFCD-C685-4546-BAB1-FB5776FBAFD5}.Release|Any CPU.Build.0 = Release|Any CPU
	EndGlobalSection
	GlobalSection(SolutionProperties) = preSolution
		HideSolutionNode = FALSE
	EndGlobalSection
	GlobalSection(ExtensibilityGlobals) = postSolution
		SolutionGuid = {A096E320-5B8E-45D5-9AA0-3B2AD97625F9}
	EndGlobalSection
EndGlobal
